// !$*UTF8*$!
{
	archiveVersion = 1;
	classes = {
	};
	objectVersion = 48;
	objects = {

/* Begin PBXBuildFile section */
		B410306D205D3965002B6579 /* AppDelegate.swift in Sources */ = {isa = PBXBuildFile; fileRef = B410306C205D3965002B6579 /* AppDelegate.swift */; };
		B4103072205D3965002B6579 /* Main.storyboard in Resources */ = {isa = PBXBuildFile; fileRef = B4103070205D3965002B6579 /* Main.storyboard */; };
		B4103074205D3965002B6579 /* Assets.xcassets in Resources */ = {isa = PBXBuildFile; fileRef = B4103073205D3965002B6579 /* Assets.xcassets */; };
		B4103077205D3965002B6579 /* LaunchScreen.storyboard in Resources */ = {isa = PBXBuildFile; fileRef = B4103075205D3965002B6579 /* LaunchScreen.storyboard */; };
		B414A15A2068A8D800B86CBA /* BluetoothPeripheralPopTableView.swift in Sources */ = {isa = PBXBuildFile; fileRef = B414A1592068A8D800B86CBA /* BluetoothPeripheralPopTableView.swift */; };
		B414A18D2068D2E900B86CBA /* InfoPlist.strings in Resources */ = {isa = PBXBuildFile; fileRef = B414A18F2068D2E900B86CBA /* InfoPlist.strings */; };
		B414A1952068D38C00B86CBA /* Localizable.strings in Resources */ = {isa = PBXBuildFile; fileRef = B414A1972068D38C00B86CBA /* Localizable.strings */; };
		B417C2EA205E051300858FCD /* ViewController.swift in Sources */ = {isa = PBXBuildFile; fileRef = B417C2E9205E051300858FCD /* ViewController.swift */; };
		B417C2ED205E057000858FCD /* CDCoreBluetoothTool.swift in Sources */ = {isa = PBXBuildFile; fileRef = B417C2EC205E057000858FCD /* CDCoreBluetoothTool.swift */; };
		B417C2F0205E077000858FCD /* CDSendEmailManager.swift in Sources */ = {isa = PBXBuildFile; fileRef = B417C2EF205E077000858FCD /* CDSendEmailManager.swift */; };
		B41A15E720634ED10057BAA6 /* StringExtension.swift in Sources */ = {isa = PBXBuildFile; fileRef = B41A15E620634ED10057BAA6 /* StringExtension.swift */; };
		B41A15ED20635CD00057BAA6 /* CDAutoHideMessageHUD.m in Sources */ = {isa = PBXBuildFile; fileRef = B41A15EB20635CD00057BAA6 /* CDAutoHideMessageHUD.m */; };
		B41B3BC52065F40A00DEDCC5 /* MainPannelView.swift in Sources */ = {isa = PBXBuildFile; fileRef = B41B3BC32065F40A00DEDCC5 /* MainPannelView.swift */; };
		B41B3BC62065F40A00DEDCC5 /* MainPannelUpView.swift in Sources */ = {isa = PBXBuildFile; fileRef = B41B3BC42065F40A00DEDCC5 /* MainPannelUpView.swift */; };
		B41B3BC92065F45600DEDCC5 /* ConfigurePannelView.swift in Sources */ = {isa = PBXBuildFile; fileRef = B41B3BC82065F45600DEDCC5 /* ConfigurePannelView.swift */; };
		B41B3BCC2065F46A00DEDCC5 /* PannelTypeSelectView.swift in Sources */ = {isa = PBXBuildFile; fileRef = B41B3BCA2065F46A00DEDCC5 /* PannelTypeSelectView.swift */; };
		B41B3BCD2065F46A00DEDCC5 /* PannelTypeSelectPopView.swift in Sources */ = {isa = PBXBuildFile; fileRef = B41B3BCB2065F46A00DEDCC5 /* PannelTypeSelectPopView.swift */; };
		B41B3BCF2065F49400DEDCC5 /* EmailRSSView.swift in Sources */ = {isa = PBXBuildFile; fileRef = B41B3BCE2065F49400DEDCC5 /* EmailRSSView.swift */; };
		B41B3BF220661EAF00DEDCC5 /* CDUtilities.swift in Sources */ = {isa = PBXBuildFile; fileRef = B41B3BF120661EAF00DEDCC5 /* CDUtilities.swift */; };
		B41B3BF62067418500DEDCC5 /* MainPannelDownView.swift in Sources */ = {isa = PBXBuildFile; fileRef = B41B3BF52067418500DEDCC5 /* MainPannelDownView.swift */; };
		B41B3BF82067688C00DEDCC5 /* PannelButton.swift in Sources */ = {isa = PBXBuildFile; fileRef = B41B3BF72067688C00DEDCC5 /* PannelButton.swift */; };
		B4BD7BA5207256C500DECD3E /* RP5MainPannelView.swift in Sources */ = {isa = PBXBuildFile; fileRef = B4BD7BA4207256C500DECD3E /* RP5MainPannelView.swift */; };
		B4BD7BA7207256F400DECD3E /* RP5ConfigurePannelView.swift in Sources */ = {isa = PBXBuildFile; fileRef = B4BD7BA6207256F400DECD3E /* RP5ConfigurePannelView.swift */; };
		B4BD7BA92072585600DECD3E /* RP5MainPannelDownView.swift in Sources */ = {isa = PBXBuildFile; fileRef = B4BD7BA82072585600DECD3E /* RP5MainPannelDownView.swift */; };
/* End PBXBuildFile section */

/* Begin PBXFileReference section */
		B4103069205D3965002B6579 /* CDCoreBluetoothRelay.app */ = {isa = PBXFileReference; explicitFileType = wrapper.application; includeInIndex = 0; path = CDCoreBluetoothRelay.app; sourceTree = BUILT_PRODUCTS_DIR; };
		B410306C205D3965002B6579 /* AppDelegate.swift */ = {isa = PBXFileReference; lastKnownFileType = sourcecode.swift; path = AppDelegate.swift; sourceTree = "<group>"; };
		B4103071205D3965002B6579 /* Base */ = {isa = PBXFileReference; lastKnownFileType = file.storyboard; name = Base; path = Base.lproj/Main.storyboard; sourceTree = "<group>"; };
		B4103073205D3965002B6579 /* Assets.xcassets */ = {isa = PBXFileReference; lastKnownFileType = folder.assetcatalog; path = Assets.xcassets; sourceTree = "<group>"; };
		B4103076205D3965002B6579 /* Base */ = {isa = PBXFileReference; lastKnownFileType = file.storyboard; name = Base; path = Base.lproj/LaunchScreen.storyboard; sourceTree = "<group>"; };
		B4103078205D3965002B6579 /* Info.plist */ = {isa = PBXFileReference; lastKnownFileType = text.plist.xml; path = Info.plist; sourceTree = "<group>"; };
		B414A1592068A8D800B86CBA /* BluetoothPeripheralPopTableView.swift */ = {isa = PBXFileReference; fileEncoding = 4; lastKnownFileType = sourcecode.swift; path = BluetoothPeripheralPopTableView.swift; sourceTree = "<group>"; };
		B414A18E2068D2E900B86CBA /* en */ = {isa = PBXFileReference; lastKnownFileType = text.plist.strings; name = en; path = en.lproj/InfoPlist.strings; sourceTree = "<group>"; };
		B414A1902068D2FF00B86CBA /* zh-Hans */ = {isa = PBXFileReference; lastKnownFileType = text.plist.strings; name = "zh-Hans"; path = "zh-Hans.lproj/Main.strings"; sourceTree = "<group>"; };
		B414A1912068D2FF00B86CBA /* zh-Hans */ = {isa = PBXFileReference; lastKnownFileType = text.plist.strings; name = "zh-Hans"; path = "zh-Hans.lproj/LaunchScreen.strings"; sourceTree = "<group>"; };
		B414A1922068D2FF00B86CBA /* zh-Hans */ = {isa = PBXFileReference; lastKnownFileType = text.plist.strings; name = "zh-Hans"; path = "zh-Hans.lproj/InfoPlist.strings"; sourceTree = "<group>"; };
		B414A1962068D38C00B86CBA /* zh-Hans */ = {isa = PBXFileReference; lastKnownFileType = text.plist.strings; name = "zh-Hans"; path = "zh-Hans.lproj/Localizable.strings"; sourceTree = "<group>"; };
		B414A1982068D38E00B86CBA /* en */ = {isa = PBXFileReference; lastKnownFileType = text.plist.strings; name = en; path = en.lproj/Localizable.strings; sourceTree = "<group>"; };
		B417C2E9205E051300858FCD /* ViewController.swift */ = {isa = PBXFileReference; fileEncoding = 4; lastKnownFileType = sourcecode.swift; path = ViewController.swift; sourceTree = "<group>"; };
		B417C2EC205E057000858FCD /* CDCoreBluetoothTool.swift */ = {isa = PBXFileReference; fileEncoding = 4; lastKnownFileType = sourcecode.swift; path = CDCoreBluetoothTool.swift; sourceTree = "<group>"; };
		B417C2EF205E077000858FCD /* CDSendEmailManager.swift */ = {isa = PBXFileReference; lastKnownFileType = sourcecode.swift; path = CDSendEmailManager.swift; sourceTree = "<group>"; };
		B41A15722060E1060057BAA6 /* CDCoreBluetoothRelay-Bridging-Header.h */ = {isa = PBXFileReference; lastKnownFileType = sourcecode.c.h; path = "CDCoreBluetoothRelay-Bridging-Header.h"; sourceTree = "<group>"; };
		B41A15E620634ED10057BAA6 /* StringExtension.swift */ = {isa = PBXFileReference; fileEncoding = 4; lastKnownFileType = sourcecode.swift; path = StringExtension.swift; sourceTree = "<group>"; };
		B41A15EB20635CD00057BAA6 /* CDAutoHideMessageHUD.m */ = {isa = PBXFileReference; fileEncoding = 4; lastKnownFileType = sourcecode.c.objc; path = CDAutoHideMessageHUD.m; sourceTree = "<group>"; };
		B41A15EC20635CD00057BAA6 /* CDAutoHideMessageHUD.h */ = {isa = PBXFileReference; fileEncoding = 4; lastKnownFileType = sourcecode.c.h; path = CDAutoHideMessageHUD.h; sourceTree = "<group>"; };
		B41B3BC32065F40A00DEDCC5 /* MainPannelView.swift */ = {isa = PBXFileReference; fileEncoding = 4; lastKnownFileType = sourcecode.swift; path = MainPannelView.swift; sourceTree = "<group>"; };
		B41B3BC42065F40A00DEDCC5 /* MainPannelUpView.swift */ = {isa = PBXFileReference; fileEncoding = 4; lastKnownFileType = sourcecode.swift; path = MainPannelUpView.swift; sourceTree = "<group>"; };
		B41B3BC82065F45600DEDCC5 /* ConfigurePannelView.swift */ = {isa = PBXFileReference; fileEncoding = 4; lastKnownFileType = sourcecode.swift; path = ConfigurePannelView.swift; sourceTree = "<group>"; };
		B41B3BCA2065F46A00DEDCC5 /* PannelTypeSelectView.swift */ = {isa = PBXFileReference; fileEncoding = 4; lastKnownFileType = sourcecode.swift; path = PannelTypeSelectView.swift; sourceTree = "<group>"; };
		B41B3BCB2065F46A00DEDCC5 /* PannelTypeSelectPopView.swift */ = {isa = PBXFileReference; fileEncoding = 4; lastKnownFileType = sourcecode.swift; path = PannelTypeSelectPopView.swift; sourceTree = "<group>"; };
		B41B3BCE2065F49400DEDCC5 /* EmailRSSView.swift */ = {isa = PBXFileReference; fileEncoding = 4; lastKnownFileType = sourcecode.swift; path = EmailRSSView.swift; sourceTree = "<group>"; };
		B41B3BF120661EAF00DEDCC5 /* CDUtilities.swift */ = {isa = PBXFileReference; lastKnownFileType = sourcecode.swift; path = CDUtilities.swift; sourceTree = "<group>"; };
		B41B3BF52067418500DEDCC5 /* MainPannelDownView.swift */ = {isa = PBXFileReference; lastKnownFileType = sourcecode.swift; path = MainPannelDownView.swift; sourceTree = "<group>"; };
		B41B3BF72067688C00DEDCC5 /* PannelButton.swift */ = {isa = PBXFileReference; lastKnownFileType = sourcecode.swift; path = PannelButton.swift; sourceTree = "<group>"; };
		B4BD7BA4207256C500DECD3E /* RP5MainPannelView.swift */ = {isa = PBXFileReference; lastKnownFileType = sourcecode.swift; path = RP5MainPannelView.swift; sourceTree = "<group>"; };
		B4BD7BA6207256F400DECD3E /* RP5ConfigurePannelView.swift */ = {isa = PBXFileReference; lastKnownFileType = sourcecode.swift; path = RP5ConfigurePannelView.swift; sourceTree = "<group>"; };
		B4BD7BA82072585600DECD3E /* RP5MainPannelDownView.swift */ = {isa = PBXFileReference; lastKnownFileType = sourcecode.swift; path = RP5MainPannelDownView.swift; sourceTree = "<group>"; };
/* End PBXFileReference section */

/* Begin PBXFrameworksBuildPhase section */
		B4103066205D3965002B6579 /* Frameworks */ = {
			isa = PBXFrameworksBuildPhase;
			buildActionMask = 2147483647;
			files = (
			);
			runOnlyForDeploymentPostprocessing = 0;
		};
/* End PBXFrameworksBuildPhase section */

/* Begin PBXGroup section */
		B4103060205D3965002B6579 = {
			isa = PBXGroup;
			children = (
				B410306B205D3965002B6579 /* CDCoreBluetoothRelay */,
				B410306A205D3965002B6579 /* Products */,
			);
			sourceTree = "<group>";
		};
		B410306A205D3965002B6579 /* Products */ = {
			isa = PBXGroup;
			children = (
				B4103069205D3965002B6579 /* CDCoreBluetoothRelay.app */,
			);
			name = Products;
			sourceTree = "<group>";
		};
		B410306B205D3965002B6579 /* CDCoreBluetoothRelay */ = {
			isa = PBXGroup;
			children = (
				B410306C205D3965002B6579 /* AppDelegate.swift */,
				B417C2E8205E04FC00858FCD /* ApplicationMain */,
				B417C2EB205E055C00858FCD /* CoreBluetoothModule */,
				B417C2EE205E071A00858FCD /* Utilities */,
				B4103070205D3965002B6579 /* Main.storyboard */,
				B4103073205D3965002B6579 /* Assets.xcassets */,
				B4103075205D3965002B6579 /* LaunchScreen.storyboard */,
				B4103078205D3965002B6579 /* Info.plist */,
				B414A18F2068D2E900B86CBA /* InfoPlist.strings */,
				B414A1972068D38C00B86CBA /* Localizable.strings */,
			);
			path = CDCoreBluetoothRelay;
			sourceTree = "<group>";
		};
		B417C2E8205E04FC00858FCD /* ApplicationMain */ = {
			isa = PBXGroup;
			children = (
				B417C2E9205E051300858FCD /* ViewController.swift */,
				B41B3BC22065F3F000DEDCC5 /* MainPannel */,
				B41B3BC72065F42C00DEDCC5 /* ConfigurePannel */,
			);
			path = ApplicationMain;
			sourceTree = "<group>";
		};
		B417C2EB205E055C00858FCD /* CoreBluetoothModule */ = {
			isa = PBXGroup;
			children = (
				B417C2EC205E057000858FCD /* CDCoreBluetoothTool.swift */,
			);
			path = CoreBluetoothModule;
			sourceTree = "<group>";
		};
		B417C2EE205E071A00858FCD /* Utilities */ = {
			isa = PBXGroup;
			children = (
				B41A15EA20635CD00057BAA6 /* CDAutoHideMessageHUD */,
				B41A15E620634ED10057BAA6 /* StringExtension.swift */,
				B417C2EF205E077000858FCD /* CDSendEmailManager.swift */,
				B41B3BF120661EAF00DEDCC5 /* CDUtilities.swift */,
				B41B3BF72067688C00DEDCC5 /* PannelButton.swift */,
				B41A15722060E1060057BAA6 /* CDCoreBluetoothRelay-Bridging-Header.h */,
			);
			path = Utilities;
			sourceTree = "<group>";
		};
		B41A15EA20635CD00057BAA6 /* CDAutoHideMessageHUD */ = {
			isa = PBXGroup;
			children = (
				B41A15EB20635CD00057BAA6 /* CDAutoHideMessageHUD.m */,
				B41A15EC20635CD00057BAA6 /* CDAutoHideMessageHUD.h */,
			);
			path = CDAutoHideMessageHUD;
			sourceTree = "<group>";
		};
		B41B3BC22065F3F000DEDCC5 /* MainPannel */ = {
			isa = PBXGroup;
			children = (
				B41B3BC32065F40A00DEDCC5 /* MainPannelView.swift */,
				B41B3BCE2065F49400DEDCC5 /* EmailRSSView.swift */,
				B41B3BCB2065F46A00DEDCC5 /* PannelTypeSelectPopView.swift */,
				B41B3BCA2065F46A00DEDCC5 /* PannelTypeSelectView.swift */,
				B41B3BC42065F40A00DEDCC5 /* MainPannelUpView.swift */,
				B41B3BF52067418500DEDCC5 /* MainPannelDownView.swift */,
				B4BD7BA4207256C500DECD3E /* RP5MainPannelView.swift */,
				B4BD7BA82072585600DECD3E /* RP5MainPannelDownView.swift */,
			);
			path = MainPannel;
			sourceTree = "<group>";
		};
		B41B3BC72065F42C00DEDCC5 /* ConfigurePannel */ = {
			isa = PBXGroup;
			children = (
				B414A1592068A8D800B86CBA /* BluetoothPeripheralPopTableView.swift */,
				B41B3BC82065F45600DEDCC5 /* ConfigurePannelView.swift */,
				B4BD7BA6207256F400DECD3E /* RP5ConfigurePannelView.swift */,
			);
			path = ConfigurePannel;
			sourceTree = "<group>";
		};
/* End PBXGroup section */

/* Begin PBXNativeTarget section */
		B4103068205D3965002B6579 /* CDCoreBluetoothRelay */ = {
			isa = PBXNativeTarget;
			buildConfigurationList = B410307B205D3965002B6579 /* Build configuration list for PBXNativeTarget "CDCoreBluetoothRelay" */;
			buildPhases = (
				B4103065205D3965002B6579 /* Sources */,
				B4103066205D3965002B6579 /* Frameworks */,
				B4103067205D3965002B6579 /* Resources */,
			);
			buildRules = (
			);
			dependencies = (
			);
			name = CDCoreBluetoothRelay;
			productName = CDCoreBluetoothRelay;
			productReference = B4103069205D3965002B6579 /* CDCoreBluetoothRelay.app */;
			productType = "com.apple.product-type.application";
		};
/* End PBXNativeTarget section */

/* Begin PBXProject section */
		B4103061205D3965002B6579 /* Project object */ = {
			isa = PBXProject;
			attributes = {
				LastSwiftUpdateCheck = 0920;
				LastUpgradeCheck = 0940;
				ORGANIZATIONNAME = "dong cheng";
				TargetAttributes = {
					B4103068205D3965002B6579 = {
						CreatedOnToolsVersion = 9.2;
						LastSwiftMigration = 0920;
						ProvisioningStyle = Manual;
					};
				};
			};
			buildConfigurationList = B4103064205D3965002B6579 /* Build configuration list for PBXProject "CDCoreBluetoothRelay" */;
			compatibilityVersion = "Xcode 8.0";
			developmentRegion = en;
			hasScannedForEncodings = 0;
			knownRegions = (
				en,
				Base,
				"zh-Hans",
			);
			mainGroup = B4103060205D3965002B6579;
			productRefGroup = B410306A205D3965002B6579 /* Products */;
			projectDirPath = "";
			projectRoot = "";
			targets = (
				B4103068205D3965002B6579 /* CDCoreBluetoothRelay */,
			);
		};
/* End PBXProject section */

/* Begin PBXResourcesBuildPhase section */
		B4103067205D3965002B6579 /* Resources */ = {
			isa = PBXResourcesBuildPhase;
			buildActionMask = 2147483647;
			files = (
				B414A1952068D38C00B86CBA /* Localizable.strings in Resources */,
				B4103077205D3965002B6579 /* LaunchScreen.storyboard in Resources */,
				B414A18D2068D2E900B86CBA /* InfoPlist.strings in Resources */,
				B4103074205D3965002B6579 /* Assets.xcassets in Resources */,
				B4103072205D3965002B6579 /* Main.storyboard in Resources */,
			);
			runOnlyForDeploymentPostprocessing = 0;
		};
/* End PBXResourcesBuildPhase section */

/* Begin PBXSourcesBuildPhase section */
		B4103065205D3965002B6579 /* Sources */ = {
			isa = PBXSourcesBuildPhase;
			buildActionMask = 2147483647;
			files = (
				B417C2EA205E051300858FCD /* ViewController.swift in Sources */,
				B41B3BC62065F40A00DEDCC5 /* MainPannelUpView.swift in Sources */,
				B414A15A2068A8D800B86CBA /* BluetoothPeripheralPopTableView.swift in Sources */,
				B41B3BCF2065F49400DEDCC5 /* EmailRSSView.swift in Sources */,
				B41A15ED20635CD00057BAA6 /* CDAutoHideMessageHUD.m in Sources */,
				B4BD7BA7207256F400DECD3E /* RP5ConfigurePannelView.swift in Sources */,
				B410306D205D3965002B6579 /* AppDelegate.swift in Sources */,
				B41B3BC52065F40A00DEDCC5 /* MainPannelView.swift in Sources */,
				B4BD7BA5207256C500DECD3E /* RP5MainPannelView.swift in Sources */,
				B41B3BCD2065F46A00DEDCC5 /* PannelTypeSelectPopView.swift in Sources */,
				B4BD7BA92072585600DECD3E /* RP5MainPannelDownView.swift in Sources */,
				B417C2ED205E057000858FCD /* CDCoreBluetoothTool.swift in Sources */,
				B41B3BF82067688C00DEDCC5 /* PannelButton.swift in Sources */,
				B41B3BCC2065F46A00DEDCC5 /* PannelTypeSelectView.swift in Sources */,
				B41B3BC92065F45600DEDCC5 /* ConfigurePannelView.swift in Sources */,
				B41A15E720634ED10057BAA6 /* StringExtension.swift in Sources */,
				B417C2F0205E077000858FCD /* CDSendEmailManager.swift in Sources */,
				B41B3BF220661EAF00DEDCC5 /* CDUtilities.swift in Sources */,
				B41B3BF62067418500DEDCC5 /* MainPannelDownView.swift in Sources */,
			);
			runOnlyForDeploymentPostprocessing = 0;
		};
/* End PBXSourcesBuildPhase section */

/* Begin PBXVariantGroup section */
		B4103070205D3965002B6579 /* Main.storyboard */ = {
			isa = PBXVariantGroup;
			children = (
				B4103071205D3965002B6579 /* Base */,
				B414A1902068D2FF00B86CBA /* zh-Hans */,
			);
			name = Main.storyboard;
			sourceTree = "<group>";
		};
		B4103075205D3965002B6579 /* LaunchScreen.storyboard */ = {
			isa = PBXVariantGroup;
			children = (
				B4103076205D3965002B6579 /* Base */,
				B414A1912068D2FF00B86CBA /* zh-Hans */,
			);
			name = LaunchScreen.storyboard;
			sourceTree = "<group>";
		};
		B414A18F2068D2E900B86CBA /* InfoPlist.strings */ = {
			isa = PBXVariantGroup;
			children = (
				B414A18E2068D2E900B86CBA /* en */,
				B414A1922068D2FF00B86CBA /* zh-Hans */,
			);
			name = InfoPlist.strings;
			sourceTree = "<group>";
		};
		B414A1972068D38C00B86CBA /* Localizable.strings */ = {
			isa = PBXVariantGroup;
			children = (
				B414A1962068D38C00B86CBA /* zh-Hans */,
				B414A1982068D38E00B86CBA /* en */,
			);
			name = Localizable.strings;
			sourceTree = "<group>";
		};
/* End PBXVariantGroup section */

/* Begin XCBuildConfiguration section */
		B4103079205D3965002B6579 /* Debug */ = {
			isa = XCBuildConfiguration;
			buildSettings = {
				ALWAYS_SEARCH_USER_PATHS = NO;
				CLANG_ANALYZER_LOCALIZABILITY_NONLOCALIZED = YES;
				CLANG_ANALYZER_NONNULL = YES;
				CLANG_ANALYZER_NUMBER_OBJECT_CONVERSION = YES_AGGRESSIVE;
				CLANG_CXX_LANGUAGE_STANDARD = "gnu++14";
				CLANG_CXX_LIBRARY = "libc++";
				CLANG_ENABLE_MODULES = YES;
				CLANG_ENABLE_OBJC_ARC = YES;
				CLANG_WARN_BLOCK_CAPTURE_AUTORELEASING = YES;
				CLANG_WARN_BOOL_CONVERSION = YES;
				CLANG_WARN_COMMA = YES;
				CLANG_WARN_CONSTANT_CONVERSION = YES;
				CLANG_WARN_DEPRECATED_OBJC_IMPLEMENTATIONS = YES;
				CLANG_WARN_DIRECT_OBJC_ISA_USAGE = YES_ERROR;
				CLANG_WARN_DOCUMENTATION_COMMENTS = YES;
				CLANG_WARN_EMPTY_BODY = YES;
				CLANG_WARN_ENUM_CONVERSION = YES;
				CLANG_WARN_INFINITE_RECURSION = YES;
				CLANG_WARN_INT_CONVERSION = YES;
				CLANG_WARN_NON_LITERAL_NULL_CONVERSION = YES;
				CLANG_WARN_OBJC_IMPLICIT_RETAIN_SELF = YES;
				CLANG_WARN_OBJC_LITERAL_CONVERSION = YES;
				CLANG_WARN_OBJC_ROOT_CLASS = YES_ERROR;
				CLANG_WARN_RANGE_LOOP_ANALYSIS = YES;
				CLANG_WARN_STRICT_PROTOTYPES = YES;
				CLANG_WARN_SUSPICIOUS_MOVE = YES;
				CLANG_WARN_UNGUARDED_AVAILABILITY = YES_AGGRESSIVE;
				CLANG_WARN_UNREACHABLE_CODE = YES;
				CLANG_WARN__DUPLICATE_METHOD_MATCH = YES;
				CODE_SIGN_IDENTITY = "iPhone Developer";
				COPY_PHASE_STRIP = NO;
				DEBUG_INFORMATION_FORMAT = dwarf;
				ENABLE_STRICT_OBJC_MSGSEND = YES;
				ENABLE_TESTABILITY = YES;
				GCC_C_LANGUAGE_STANDARD = gnu11;
				GCC_DYNAMIC_NO_PIC = NO;
				GCC_NO_COMMON_BLOCKS = YES;
				GCC_OPTIMIZATION_LEVEL = 0;
				GCC_PREPROCESSOR_DEFINITIONS = (
					"DEBUG=1",
					"$(inherited)",
				);
				GCC_WARN_64_TO_32_BIT_CONVERSION = YES;
				GCC_WARN_ABOUT_RETURN_TYPE = YES_ERROR;
				GCC_WARN_UNDECLARED_SELECTOR = YES;
				GCC_WARN_UNINITIALIZED_AUTOS = YES_AGGRESSIVE;
				GCC_WARN_UNUSED_FUNCTION = YES;
				GCC_WARN_UNUSED_VARIABLE = YES;
				IPHONEOS_DEPLOYMENT_TARGET = 11.2;
				MTL_ENABLE_DEBUG_INFO = YES;
				ONLY_ACTIVE_ARCH = YES;
				SDKROOT = iphoneos;
				SWIFT_ACTIVE_COMPILATION_CONDITIONS = DEBUG;
				SWIFT_OPTIMIZATION_LEVEL = "-Onone";
			};
			name = Debug;
		};
		B410307A205D3965002B6579 /* Release */ = {
			isa = XCBuildConfiguration;
			buildSettings = {
				ALWAYS_SEARCH_USER_PATHS = NO;
				CLANG_ANALYZER_LOCALIZABILITY_NONLOCALIZED = YES;
				CLANG_ANALYZER_NONNULL = YES;
				CLANG_ANALYZER_NUMBER_OBJECT_CONVERSION = YES_AGGRESSIVE;
				CLANG_CXX_LANGUAGE_STANDARD = "gnu++14";
				CLANG_CXX_LIBRARY = "libc++";
				CLANG_ENABLE_MODULES = YES;
				CLANG_ENABLE_OBJC_ARC = YES;
				CLANG_WARN_BLOCK_CAPTURE_AUTORELEASING = YES;
				CLANG_WARN_BOOL_CONVERSION = YES;
				CLANG_WARN_COMMA = YES;
				CLANG_WARN_CONSTANT_CONVERSION = YES;
				CLANG_WARN_DEPRECATED_OBJC_IMPLEMENTATIONS = YES;
				CLANG_WARN_DIRECT_OBJC_ISA_USAGE = YES_ERROR;
				CLANG_WARN_DOCUMENTATION_COMMENTS = YES;
				CLANG_WARN_EMPTY_BODY = YES;
				CLANG_WARN_ENUM_CONVERSION = YES;
				CLANG_WARN_INFINITE_RECURSION = YES;
				CLANG_WARN_INT_CONVERSION = YES;
				CLANG_WARN_NON_LITERAL_NULL_CONVERSION = YES;
				CLANG_WARN_OBJC_IMPLICIT_RETAIN_SELF = YES;
				CLANG_WARN_OBJC_LITERAL_CONVERSION = YES;
				CLANG_WARN_OBJC_ROOT_CLASS = YES_ERROR;
				CLANG_WARN_RANGE_LOOP_ANALYSIS = YES;
				CLANG_WARN_STRICT_PROTOTYPES = YES;
				CLANG_WARN_SUSPICIOUS_MOVE = YES;
				CLANG_WARN_UNGUARDED_AVAILABILITY = YES_AGGRESSIVE;
				CLANG_WARN_UNREACHABLE_CODE = YES;
				CLANG_WARN__DUPLICATE_METHOD_MATCH = YES;
				CODE_SIGN_IDENTITY = "iPhone Developer";
				COPY_PHASE_STRIP = NO;
				DEBUG_INFORMATION_FORMAT = "dwarf-with-dsym";
				ENABLE_NS_ASSERTIONS = NO;
				ENABLE_STRICT_OBJC_MSGSEND = YES;
				GCC_C_LANGUAGE_STANDARD = gnu11;
				GCC_NO_COMMON_BLOCKS = YES;
				GCC_WARN_64_TO_32_BIT_CONVERSION = YES;
				GCC_WARN_ABOUT_RETURN_TYPE = YES_ERROR;
				GCC_WARN_UNDECLARED_SELECTOR = YES;
				GCC_WARN_UNINITIALIZED_AUTOS = YES_AGGRESSIVE;
				GCC_WARN_UNUSED_FUNCTION = YES;
				GCC_WARN_UNUSED_VARIABLE = YES;
				IPHONEOS_DEPLOYMENT_TARGET = 11.2;
				MTL_ENABLE_DEBUG_INFO = NO;
				SDKROOT = iphoneos;
				SWIFT_OPTIMIZATION_LEVEL = "-Owholemodule";
				VALIDATE_PRODUCT = YES;
			};
			name = Release;
		};
		B410307C205D3965002B6579 /* Debug */ = {
			isa = XCBuildConfiguration;
			buildSettings = {
				ASSETCATALOG_COMPILER_APPICON_NAME = AppIcon;
				ASSETCATALOG_COMPILER_LAUNCHIMAGE_NAME = LaunchImage;
				CLANG_ENABLE_MODULES = YES;
				"CODE_SIGN_IDENTITY[sdk=iphoneos*]" = "iPhone Developer";
				CODE_SIGN_STYLE = Manual;
				DEVELOPMENT_TEAM = H3MW6H3SRL;
				INFOPLIST_FILE = CDCoreBluetoothRelay/Info.plist;
				IPHONEOS_DEPLOYMENT_TARGET = 9.0;
				LD_RUNPATH_SEARCH_PATHS = "$(inherited) @executable_path/Frameworks";
				PRODUCT_BUNDLE_IDENTIFIER = top.chengdong.BluetoothRelay;
				PRODUCT_NAME = "$(TARGET_NAME)";
				PROVISIONING_PROFILE = "2f5da3d4-3dff-4abe-a0f2-c2a9f55f0ceb";
				PROVISIONING_PROFILE_SPECIFIER = BluetoothRelayDev;
				SWIFT_OBJC_BRIDGING_HEADER = "CDCoreBluetoothRelay/Utilities/CDCoreBluetoothRelay-Bridging-Header.h";
				SWIFT_OPTIMIZATION_LEVEL = "-Onone";
				SWIFT_VERSION = 4.0;
				TARGETED_DEVICE_FAMILY = 1;
			};
			name = Debug;
		};
		B410307D205D3965002B6579 /* Release */ = {
			isa = XCBuildConfiguration;
			buildSettings = {
				ASSETCATALOG_COMPILER_APPICON_NAME = AppIcon;
				ASSETCATALOG_COMPILER_LAUNCHIMAGE_NAME = LaunchImage;
				CLANG_ENABLE_MODULES = YES;
				"CODE_SIGN_IDENTITY[sdk=iphoneos*]" = "iPhone Developer";
				CODE_SIGN_STYLE = Manual;
				DEVELOPMENT_TEAM = H3MW6H3SRL;
				INFOPLIST_FILE = CDCoreBluetoothRelay/Info.plist;
				IPHONEOS_DEPLOYMENT_TARGET = 9.0;
				LD_RUNPATH_SEARCH_PATHS = "$(inherited) @executable_path/Frameworks";
				PRODUCT_BUNDLE_IDENTIFIER = top.chengdong.BluetoothRelay;
				PRODUCT_NAME = "$(TARGET_NAME)";
				PROVISIONING_PROFILE = "2f5da3d4-3dff-4abe-a0f2-c2a9f55f0ceb";
				PROVISIONING_PROFILE_SPECIFIER = BluetoothRelayDev;
				SWIFT_OBJC_BRIDGING_HEADER = "CDCoreBluetoothRelay/Utilities/CDCoreBluetoothRelay-Bridging-Header.h";
				SWIFT_VERSION = 4.0;
				TARGETED_DEVICE_FAMILY = 1;
			};
			name = Release;
		};
/* End XCBuildConfiguration section */

/* Begin XCConfigurationList section */
		B4103064205D3965002B6579 /* Build configuration list for PBXProject "CDCoreBluetoothRelay" */ = {
			isa = XCConfigurationList;
			buildConfigurations = (
				B4103079205D3965002B6579 /* Debug */,
				B410307A205D3965002B6579 /* Release */,
			);
			defaultConfigurationIsVisible = 0;
			defaultConfigurationName = Release;
		};
		B410307B205D3965002B6579 /* Build configuration list for PBXNativeTarget "CDCoreBluetoothRelay" */ = {
			isa = XCConfigurationList;
			buildConfigurations = (
				B410307C205D3965002B6579 /* Debug */,
				B410307D205D3965002B6579 /* Release */,
			);
			defaultConfigurationIsVisible = 0;
			defaultConfigurationName = Release;
		};
/* End XCConfigurationList section */
	};
	rootObject = B4103061205D3965002B6579 /* Project object */;
}
